
Microsoft Visual Studio Solution File, Format Version 12.00
# Visual Studio Version 16
VisualStudioVersion = 16.0.30804.86
MinimumVisualStudioVersion = 10.0.40219.1
Project("{9A19103F-16F7-4668-BE54-9A1E7A4F7556}") = "Hello", "src/Hello/Hello.csproj", "{758DAB73-74DC-4B09-933B-116E824FB68D}"
EndProject
Project("{FAE04EC0-301F-11D3-BF4B-00C04F79EFBC}") = "Hello.Tests", "test/Hello.Tests/Hello.Tests.csproj", "{41D70062-452F-4B62-90FA-6990EE884FA8}"
EndProject
Global
	GlobalSection(SolutionConfigurationPlatforms) = preSolution
		Debug|Any CPU = Debug|Any CPU
		Release|Any CPU = Release|Any CPU
	EndGlobalSection
	GlobalSection(ProjectConfigurationPlatforms) = postSolution
		{758DAB73-74DC-4B09-933B-116E824FB68D}.Debug|Any CPU.ActiveCfg = Debug|Any CPU
		{758DAB73-74DC-4B09-933B-116E824FB68D}.Debug|Any CPU.Build.0 = Debug|Any CPU
		{758DAB73-74DC-4B09-933B-116E824FB68D}.Release|Any CPU.ActiveCfg = Release|Any CPU
		{758DAB73-74DC-4B09-933B-116E824FB68D}.Release|Any CPU.Build.0 = Release|Any CPU
		{41D70062-452F-4B62-90FA-6990EE884FA8}.Debug|Any CPU.ActiveCfg = Debug|Any CPU
		{41D70062-452F-4B62-90FA-6990EE884FA8}.Debug|Any CPU.Build.0 = Debug|Any CPU
		{41D70062-452F-4B62-90FA-6990EE884FA8}.Release|Any CPU.ActiveCfg = Release|Any CPU
		{41D70062-452F-4B62-90FA-6990EE884FA8}.Release|Any CPU.Build.0 = Release|Any CPU
	EndGlobalSection
	GlobalSection(SolutionProperties) = preSolution
		HideSolutionNode = FALSE
	EndGlobalSection
	GlobalSection(ExtensibilityGlobals) = postSolution
		SolutionGuid = {E445ECE3-1A28-4E1D-8D65-F5CEC2A82697}
	EndGlobalSection
EndGlobal
